
Microsoft Visual Studio Solution File, Format Version 12.00
# Visual Studio Version 17
VisualStudioVersion = 17.1.32421.90
MinimumVisualStudioVersion = 10.0.40219.1
Project("{8BC9CEB8-8B4A-11D0-8D11-00A0C91BC942}") = "chc-0514-csv", "chc-0514-csv\chc-0514-csv.vcxproj", "{8C110AE1-08D7-4E42-B184-3E06F75E351A}"
EndProject
Global
	GlobalSection(SolutionConfigurationPlatforms) = preSolution
		Debug|x64 = Debug|x64
		Debug|x86 = Debug|x86
		Release|x64 = Release|x64
		Release|x86 = Release|x86
	EndGlobalSection
	GlobalSection(ProjectConfigurationPlatforms) = postSolution
		{8C110AE1-08D7-4E42-B184-3E06F75E351A}.Debug|x64.ActiveCfg = Debug|x64
		{8C110AE1-08D7-4E42-B184-3E06F75E351A}.Debug|x64.Build.0 = Debug|x64
		{8C110AE1-08D7-4E42-B184-3E06F75E351A}.Debug|x86.ActiveCfg = Debug|Win32
		{8C110AE1-08D7-4E42-B184-3E06F75E351A}.Debug|x86.Build.0 = Debug|Win32
		{8C110AE1-08D7-4E42-B184-3E06F75E351A}.Release|x64.ActiveCfg = Release|x64
		{8C110AE1-08D7-4E42-B184-3E06F75E351A}.Release|x64.Build.0 = Release|x64
		{8C110AE1-08D7-4E42-B184-3E06F75E351A}.Release|x86.ActiveCfg = Release|Win32
		{8C110AE1-08D7-4E42-B184-3E06F75E351A}.Release|x86.Build.0 = Release|Win32
	EndGlobalSection
	GlobalSection(SolutionProperties) = preSolution
		HideSolutionNode = FALSE
	EndGlobalSection
	GlobalSection(ExtensibilityGlobals) = postSolution
		SolutionGuid = {832B3A60-642A-4EDD-9617-6030AC9F659A}
	EndGlobalSection
EndGlobal
